
Microsoft Visual Studio Solution File, Format Version 12.00
# Visual Studio 15
VisualStudioVersion = 15.0.27130.2026
MinimumVisualStudioVersion = 10.0.40219.1
Project("{FAE04EC0-301F-11D3-BF4B-00C04F79EFBC}") = "Trails", "Trails\Trails.csproj", "{692CFB03-284A-4E85-888D-3F2ED461ED80}"
EndProject
Global
	GlobalSection(SolutionConfigurationPlatforms) = preSolution
		Debug|Any CPU = Debug|Any CPU
		Release|Any CPU = Release|Any CPU
	EndGlobalSection
	GlobalSection(ProjectConfigurationPlatforms) = postSolution
		{692CFB03-284A-4E85-888D-3F2ED461ED80}.Debug|Any CPU.ActiveCfg = Debug|Any CPU
		{692CFB03-284A-4E85-888D-3F2ED461ED80}.Debug|Any CPU.Build.0 = Debug|Any CPU
		{692CFB03-284A-4E85-888D-3F2ED461ED80}.Release|Any CPU.ActiveCfg = Release|Any CPU
		{692CFB03-284A-4E85-888D-3F2ED461ED80}.Release|Any CPU.Build.0 = Release|Any CPU
	EndGlobalSection
	GlobalSection(SolutionProperties) = preSolution
		HideSolutionNode = FALSE
	EndGlobalSection
	GlobalSection(ExtensibilityGlobals) = postSolution
		SolutionGuid = {F44F8466-CBA1-4689-8072-0E08BC271D1F}
	EndGlobalSection
EndGlobal
